
Microsoft Visual Studio Solution File, Format Version 12.00
# Visual Studio Version 17
VisualStudioVersion = 17.14.36127.28
MinimumVisualStudioVersion = 10.0.40219.1
Project("{FAE04EC0-301F-11D3-BF4B-00C04F79EFBC}") = "testMillion.Api", "testMillion\testMillion.Api.csproj", "{56F57FB1-6A6F-4C80-9CB1-13B1C58F6011}"
EndProject
Project("{FAE04EC0-301F-11D3-BF4B-00C04F79EFBC}") = "TestMillion.DTOs", "TestMillion.DTOs\TestMillion.DTOs.csproj", "{848B5915-0D4D-4459-A918-9CB153BBD2B3}"
EndProject
Project("{FAE04EC0-301F-11D3-BF4B-00C04F79EFBC}") = "TestMillion.UseCases", "TestMillion.UseCase\TestMillion.UseCases.csproj", "{8D6938B9-E87C-42AE-A41C-EFEFB4F953B8}"
EndProject
Project("{FAE04EC0-301F-11D3-BF4B-00C04F79EFBC}") = "TestMillion.UseCasesPorts", "TestMillion.UseCasesPort\TestMillion.UseCasesPorts.csproj", "{028F5BC0-1236-4677-8207-5D11C8FEFA26}"
EndProject
Project("{2150E333-8FDC-42A3-9474-1A3956D46DE8}") = "Application Bussiness Rules", "Application Bussiness Rules", "{02EA681E-C7D8-13C7-8484-4AC65E1B71E8}"
EndProject
Project("{2150E333-8FDC-42A3-9474-1A3956D46DE8}") = "Framewoks And Drivers", "Framewoks And Drivers", "{DD4FCEC6-7B5A-4E91-B3D3-B81BF83B7FFD}"
EndProject
Project("{2150E333-8FDC-42A3-9474-1A3956D46DE8}") = "Interface Adapters", "Interface Adapters", "{BDB18846-AE48-43BA-B94C-5BB3B1162D21}"
EndProject
Project("{FAE04EC0-301F-11D3-BF4B-00C04F79EFBC}") = "TestMillion.Entities", "TestMillion.Entities\TestMillion.Entities.csproj", "{ADA0FDB2-F6AC-4DD2-A523-E3D8BDDBECEE}"
EndProject
Project("{FAE04EC0-301F-11D3-BF4B-00C04F79EFBC}") = "TestMillion.Controllers", "TestMillion.Controllers\TestMillion.Controllers.csproj", "{54514ADE-9876-401E-81F9-3A0A148F7E92}"
EndProject
Project("{2150E333-8FDC-42A3-9474-1A3956D46DE8}") = "Controllers", "Controllers", "{8606CCE7-18E8-474B-AE37-202C378BE04A}"
EndProject
Project("{2150E333-8FDC-42A3-9474-1A3956D46DE8}") = "Gateways", "Gateways", "{9E2DE8C6-01EF-4FCB-9C46-6BBE67A9AB0F}"
EndProject
Project("{FAE04EC0-301F-11D3-BF4B-00C04F79EFBC}") = "TestMillion.Repository", "TestMillion.Repository\TestMillion.Repository.csproj", "{03BB30F4-6545-4BA0-A80B-D07E29CBD0AC}"
EndProject
Project("{FAE04EC0-301F-11D3-BF4B-00C04F79EFBC}") = "TestMillion.IoC", "TestMillion.IoC\TestMillion.IoC.csproj", "{0AA40055-9A8D-4BAD-AE45-F211AE408F3C}"
EndProject
Project("{FAE04EC0-301F-11D3-BF4B-00C04F79EFBC}") = "TestMillion.DataContexts", "TestMillion.DataContexts\TestMillion.DataContexts.csproj", "{B01C8B20-2C99-490C-B1C6-D1F444A6574D}"
EndProject
Project("{2150E333-8FDC-42A3-9474-1A3956D46DE8}") = "Presenters", "Presenters", "{CD115B5F-4088-4CF3-9ED8-84DEB99878C9}"
EndProject
Project("{FAE04EC0-301F-11D3-BF4B-00C04F79EFBC}") = "TestMillion.Presenters", "TestMillion.Presenters\TestMillion.Presenters.csproj", "{6C3D59C9-6A8A-4956-89BD-1CC151ED0474}"
EndProject
Project("{FAE04EC0-301F-11D3-BF4B-00C04F79EFBC}") = "TestMillion.WebExceptions", "TestMillion.WebExceptions\TestMillion.WebExceptions.csproj", "{CC4DC81A-66F7-476D-B2BD-D66B721B4FF8}"
EndProject
Project("{2150E333-8FDC-42A3-9474-1A3956D46DE8}") = "UIs", "UIs", "{DE4F2670-A3D2-4D90-BFBB-E1A8D6D7F876}"
EndProject
Global
	GlobalSection(SolutionConfigurationPlatforms) = preSolution
		Debug|Any CPU = Debug|Any CPU
		Release|Any CPU = Release|Any CPU
	EndGlobalSection
	GlobalSection(ProjectConfigurationPlatforms) = postSolution
		{56F57FB1-6A6F-4C80-9CB1-13B1C58F6011}.Debug|Any CPU.ActiveCfg = Debug|Any CPU
		{56F57FB1-6A6F-4C80-9CB1-13B1C58F6011}.Debug|Any CPU.Build.0 = Debug|Any CPU
		{56F57FB1-6A6F-4C80-9CB1-13B1C58F6011}.Release|Any CPU.ActiveCfg = Release|Any CPU
		{56F57FB1-6A6F-4C80-9CB1-13B1C58F6011}.Release|Any CPU.Build.0 = Release|Any CPU
		{848B5915-0D4D-4459-A918-9CB153BBD2B3}.Debug|Any CPU.ActiveCfg = Debug|Any CPU
		{848B5915-0D4D-4459-A918-9CB153BBD2B3}.Debug|Any CPU.Build.0 = Debug|Any CPU
		{848B5915-0D4D-4459-A918-9CB153BBD2B3}.Release|Any CPU.ActiveCfg = Release|Any CPU
		{848B5915-0D4D-4459-A918-9CB153BBD2B3}.Release|Any CPU.Build.0 = Release|Any CPU
		{8D6938B9-E87C-42AE-A41C-EFEFB4F953B8}.Debug|Any CPU.ActiveCfg = Debug|Any CPU
		{8D6938B9-E87C-42AE-A41C-EFEFB4F953B8}.Debug|Any CPU.Build.0 = Debug|Any CPU
		{8D6938B9-E87C-42AE-A41C-EFEFB4F953B8}.Release|Any CPU.ActiveCfg = Release|Any CPU
		{8D6938B9-E87C-42AE-A41C-EFEFB4F953B8}.Release|Any CPU.Build.0 = Release|Any CPU
		{028F5BC0-1236-4677-8207-5D11C8FEFA26}.Debug|Any CPU.ActiveCfg = Debug|Any CPU
		{028F5BC0-1236-4677-8207-5D11C8FEFA26}.Debug|Any CPU.Build.0 = Debug|Any CPU
		{028F5BC0-1236-4677-8207-5D11C8FEFA26}.Release|Any CPU.ActiveCfg = Release|Any CPU
		{028F5BC0-1236-4677-8207-5D11C8FEFA26}.Release|Any CPU.Build.0 = Release|Any CPU
		{ADA0FDB2-F6AC-4DD2-A523-E3D8BDDBECEE}.Debug|Any CPU.ActiveCfg = Debug|Any CPU
		{ADA0FDB2-F6AC-4DD2-A523-E3D8BDDBECEE}.Debug|Any CPU.Build.0 = Debug|Any CPU
		{ADA0FDB2-F6AC-4DD2-A523-E3D8BDDBECEE}.Release|Any CPU.ActiveCfg = Release|Any CPU
		{ADA0FDB2-F6AC-4DD2-A523-E3D8BDDBECEE}.Release|Any CPU.Build.0 = Release|Any CPU
		{54514ADE-9876-401E-81F9-3A0A148F7E92}.Debug|Any CPU.ActiveCfg = Debug|Any CPU
		{54514ADE-9876-401E-81F9-3A0A148F7E92}.Debug|Any CPU.Build.0 = Debug|Any CPU
		{54514ADE-9876-401E-81F9-3A0A148F7E92}.Release|Any CPU.ActiveCfg = Release|Any CPU
		{54514ADE-9876-401E-81F9-3A0A148F7E92}.Release|Any CPU.Build.0 = Release|Any CPU
		{03BB30F4-6545-4BA0-A80B-D07E29CBD0AC}.Debug|Any CPU.ActiveCfg = Debug|Any CPU
		{03BB30F4-6545-4BA0-A80B-D07E29CBD0AC}.Debug|Any CPU.Build.0 = Debug|Any CPU
		{03BB30F4-6545-4BA0-A80B-D07E29CBD0AC}.Release|Any CPU.ActiveCfg = Release|Any CPU
		{03BB30F4-6545-4BA0-A80B-D07E29CBD0AC}.Release|Any CPU.Build.0 = Release|Any CPU
		{0AA40055-9A8D-4BAD-AE45-F211AE408F3C}.Debug|Any CPU.ActiveCfg = Debug|Any CPU
		{0AA40055-9A8D-4BAD-AE45-F211AE408F3C}.Debug|Any CPU.Build.0 = Debug|Any CPU
		{0AA40055-9A8D-4BAD-AE45-F211AE408F3C}.Release|Any CPU.ActiveCfg = Release|Any CPU
		{0AA40055-9A8D-4BAD-AE45-F211AE408F3C}.Release|Any CPU.Build.0 = Release|Any CPU
		{B01C8B20-2C99-490C-B1C6-D1F444A6574D}.Debug|Any CPU.ActiveCfg = Debug|Any CPU
		{B01C8B20-2C99-490C-B1C6-D1F444A6574D}.Debug|Any CPU.Build.0 = Debug|Any CPU
		{B01C8B20-2C99-490C-B1C6-D1F444A6574D}.Release|Any CPU.ActiveCfg = Release|Any CPU
		{B01C8B20-2C99-490C-B1C6-D1F444A6574D}.Release|Any CPU.Build.0 = Release|Any CPU
		{6C3D59C9-6A8A-4956-89BD-1CC151ED0474}.Debug|Any CPU.ActiveCfg = Debug|Any CPU
		{6C3D59C9-6A8A-4956-89BD-1CC151ED0474}.Debug|Any CPU.Build.0 = Debug|Any CPU
		{6C3D59C9-6A8A-4956-89BD-1CC151ED0474}.Release|Any CPU.ActiveCfg = Release|Any CPU
		{6C3D59C9-6A8A-4956-89BD-1CC151ED0474}.Release|Any CPU.Build.0 = Release|Any CPU
		{CC4DC81A-66F7-476D-B2BD-D66B721B4FF8}.Debug|Any CPU.ActiveCfg = Debug|Any CPU
		{CC4DC81A-66F7-476D-B2BD-D66B721B4FF8}.Debug|Any CPU.Build.0 = Debug|Any CPU
		{CC4DC81A-66F7-476D-B2BD-D66B721B4FF8}.Release|Any CPU.ActiveCfg = Release|Any CPU
		{CC4DC81A-66F7-476D-B2BD-D66B721B4FF8}.Release|Any CPU.Build.0 = Release|Any CPU
	EndGlobalSection
	GlobalSection(SolutionProperties) = preSolution
		HideSolutionNode = FALSE
	EndGlobalSection
	GlobalSection(NestedProjects) = preSolution
		{56F57FB1-6A6F-4C80-9CB1-13B1C58F6011} = {DE4F2670-A3D2-4D90-BFBB-E1A8D6D7F876}
		{848B5915-0D4D-4459-A918-9CB153BBD2B3} = {02EA681E-C7D8-13C7-8484-4AC65E1B71E8}
		{8D6938B9-E87C-42AE-A41C-EFEFB4F953B8} = {02EA681E-C7D8-13C7-8484-4AC65E1B71E8}
		{028F5BC0-1236-4677-8207-5D11C8FEFA26} = {02EA681E-C7D8-13C7-8484-4AC65E1B71E8}
		{ADA0FDB2-F6AC-4DD2-A523-E3D8BDDBECEE} = {DD4FCEC6-7B5A-4E91-B3D3-B81BF83B7FFD}
		{54514ADE-9876-401E-81F9-3A0A148F7E92} = {8606CCE7-18E8-474B-AE37-202C378BE04A}
		{8606CCE7-18E8-474B-AE37-202C378BE04A} = {BDB18846-AE48-43BA-B94C-5BB3B1162D21}
		{9E2DE8C6-01EF-4FCB-9C46-6BBE67A9AB0F} = {BDB18846-AE48-43BA-B94C-5BB3B1162D21}
		{03BB30F4-6545-4BA0-A80B-D07E29CBD0AC} = {9E2DE8C6-01EF-4FCB-9C46-6BBE67A9AB0F}
		{0AA40055-9A8D-4BAD-AE45-F211AE408F3C} = {9E2DE8C6-01EF-4FCB-9C46-6BBE67A9AB0F}
		{B01C8B20-2C99-490C-B1C6-D1F444A6574D} = {9E2DE8C6-01EF-4FCB-9C46-6BBE67A9AB0F}
		{CD115B5F-4088-4CF3-9ED8-84DEB99878C9} = {BDB18846-AE48-43BA-B94C-5BB3B1162D21}
		{6C3D59C9-6A8A-4956-89BD-1CC151ED0474} = {CD115B5F-4088-4CF3-9ED8-84DEB99878C9}
		{CC4DC81A-66F7-476D-B2BD-D66B721B4FF8} = {CD115B5F-4088-4CF3-9ED8-84DEB99878C9}
		{DE4F2670-A3D2-4D90-BFBB-E1A8D6D7F876} = {DD4FCEC6-7B5A-4E91-B3D3-B81BF83B7FFD}
	EndGlobalSection
	GlobalSection(ExtensibilityGlobals) = postSolution
		SolutionGuid = {EE4605D6-77BA-48DB-A68F-68BBCA326CAA}
	EndGlobalSection
EndGlobal
